# This file is automatically @generated by Cargo.
# It is not intended for manual editing.
version = 4

[[package]]
name = "cli"
version = "0.1.0"
dependencies = [
 "effects",
 "js_backend",
 "macro_expand",
 "syntax",
 "template_ir",
 "typecheck",
]

[[package]]
name = "effects"
version = "0.1.0"
dependencies = [
 "syntax",
]

[[package]]
name = "hir"
version = "0.1.0"
dependencies = [
 "syntax",
]

[[package]]
name = "js_backend"
version = "0.1.0"
dependencies = [
 "syntax",
]

[[package]]
name = "macro_expand"
version = "0.1.0"
dependencies = [
 "syntax",
]

[[package]]
name = "syntax"
version = "0.1.0"

[[package]]
name = "template_ir"
version = "0.1.0"
dependencies = [
 "syntax",
 "typecheck",
]

[[package]]
name = "typecheck"
version = "0.1.0"
dependencies = [
 "syntax",
]
